// !$*UTF8*$!
{
	archiveVersion = 1;
	classes = {
	};
	objectVersion = 48;
	objects = {

/* Begin PBXBuildFile section */
		FCC08E872065E5A700D8BE4F /* AppDelegate.swift in Sources */ = {isa = PBXBuildFile; fileRef = FCC08E862065E5A700D8BE4F /* AppDelegate.swift */; };
		FCC08E8C2065E5A700D8BE4F /* Main.storyboard in Resources */ = {isa = PBXBuildFile; fileRef = FCC08E8A2065E5A700D8BE4F /* Main.storyboard */; };
		FCC08E8F2065E5A700D8BE4F /* Cashactions.xcdatamodeld in Sources */ = {isa = PBXBuildFile; fileRef = FCC08E8D2065E5A700D8BE4F /* Cashactions.xcdatamodeld */; };
		FCC08E912065E5A700D8BE4F /* Assets.xcassets in Resources */ = {isa = PBXBuildFile; fileRef = FCC08E902065E5A700D8BE4F /* Assets.xcassets */; };
		FCC08E942065E5A700D8BE4F /* LaunchScreen.storyboard in Resources */ = {isa = PBXBuildFile; fileRef = FCC08E922065E5A700D8BE4F /* LaunchScreen.storyboard */; };
		FCC08E9F2065E5A700D8BE4F /* CashactionsTests.swift in Sources */ = {isa = PBXBuildFile; fileRef = FCC08E9E2065E5A700D8BE4F /* CashactionsTests.swift */; };
		FCC08EAA2065E5A700D8BE4F /* CashactionsUITests.swift in Sources */ = {isa = PBXBuildFile; fileRef = FCC08EA92065E5A700D8BE4F /* CashactionsUITests.swift */; };
		FCC08EC12065EC5B00D8BE4F /* icons8-roofing.png in Resources */ = {isa = PBXBuildFile; fileRef = FCC08EBE2065EC5A00D8BE4F /* icons8-roofing.png */; };
		FCC08EC22065EC5B00D8BE4F /* icons8-cash.png in Resources */ = {isa = PBXBuildFile; fileRef = FCC08EBF2065EC5B00D8BE4F /* icons8-cash.png */; };
		FCC08EC32065EC5B00D8BE4F /* icons8-cottage.png in Resources */ = {isa = PBXBuildFile; fileRef = FCC08EC02065EC5B00D8BE4F /* icons8-cottage.png */; };
		FCC08EC82066A3E100D8BE4F /* controllers in Resources */ = {isa = PBXBuildFile; fileRef = FCC08EC72066A3E100D8BE4F /* controllers */; };
/* End PBXBuildFile section */

/* Begin PBXContainerItemProxy section */
		FCC08E9B2065E5A700D8BE4F /* PBXContainerItemProxy */ = {
			isa = PBXContainerItemProxy;
			containerPortal = FCC08E7B2065E5A700D8BE4F /* Project object */;
			proxyType = 1;
			remoteGlobalIDString = FCC08E822065E5A700D8BE4F;
			remoteInfo = Cashactions;
		};
		FCC08EA62065E5A700D8BE4F /* PBXContainerItemProxy */ = {
			isa = PBXContainerItemProxy;
			containerPortal = FCC08E7B2065E5A700D8BE4F /* Project object */;
			proxyType = 1;
			remoteGlobalIDString = FCC08E822065E5A700D8BE4F;
			remoteInfo = Cashactions;
		};
/* End PBXContainerItemProxy section */

/* Begin PBXFileReference section */
		FCC08E832065E5A700D8BE4F /* Cashactions.app */ = {isa = PBXFileReference; explicitFileType = wrapper.application; includeInIndex = 0; path = Cashactions.app; sourceTree = BUILT_PRODUCTS_DIR; };
		FCC08E862065E5A700D8BE4F /* AppDelegate.swift */ = {isa = PBXFileReference; lastKnownFileType = sourcecode.swift; path = AppDelegate.swift; sourceTree = "<group>"; };
		FCC08E8B2065E5A700D8BE4F /* Base */ = {isa = PBXFileReference; lastKnownFileType = file.storyboard; name = Base; path = Base.lproj/Main.storyboard; sourceTree = "<group>"; };
		FCC08E8E2065E5A700D8BE4F /* Cashactions.xcdatamodel */ = {isa = PBXFileReference; lastKnownFileType = wrapper.xcdatamodel; path = Cashactions.xcdatamodel; sourceTree = "<group>"; };
		FCC08E902065E5A700D8BE4F /* Assets.xcassets */ = {isa = PBXFileReference; lastKnownFileType = folder.assetcatalog; path = Assets.xcassets; sourceTree = "<group>"; };
		FCC08E932065E5A700D8BE4F /* Base */ = {isa = PBXFileReference; lastKnownFileType = file.storyboard; name = Base; path = Base.lproj/LaunchScreen.storyboard; sourceTree = "<group>"; };
		FCC08E952065E5A700D8BE4F /* Info.plist */ = {isa = PBXFileReference; lastKnownFileType = text.plist.xml; path = Info.plist; sourceTree = "<group>"; };
		FCC08E9A2065E5A700D8BE4F /* CashactionsTests.xctest */ = {isa = PBXFileReference; explicitFileType = wrapper.cfbundle; includeInIndex = 0; path = CashactionsTests.xctest; sourceTree = BUILT_PRODUCTS_DIR; };
		FCC08E9E2065E5A700D8BE4F /* CashactionsTests.swift */ = {isa = PBXFileReference; lastKnownFileType = sourcecode.swift; path = CashactionsTests.swift; sourceTree = "<group>"; };
		FCC08EA02065E5A700D8BE4F /* Info.plist */ = {isa = PBXFileReference; lastKnownFileType = text.plist.xml; path = Info.plist; sourceTree = "<group>"; };
		FCC08EA52065E5A700D8BE4F /* CashactionsUITests.xctest */ = {isa = PBXFileReference; explicitFileType = wrapper.cfbundle; includeInIndex = 0; path = CashactionsUITests.xctest; sourceTree = BUILT_PRODUCTS_DIR; };
		FCC08EA92065E5A700D8BE4F /* CashactionsUITests.swift */ = {isa = PBXFileReference; lastKnownFileType = sourcecode.swift; path = CashactionsUITests.swift; sourceTree = "<group>"; };
		FCC08EAB2065E5A700D8BE4F /* Info.plist */ = {isa = PBXFileReference; lastKnownFileType = text.plist.xml; path = Info.plist; sourceTree = "<group>"; };
		FCC08EBE2065EC5A00D8BE4F /* icons8-roofing.png */ = {isa = PBXFileReference; lastKnownFileType = image.png; path = "icons8-roofing.png"; sourceTree = "<group>"; };
		FCC08EBF2065EC5B00D8BE4F /* icons8-cash.png */ = {isa = PBXFileReference; lastKnownFileType = image.png; path = "icons8-cash.png"; sourceTree = "<group>"; };
		FCC08EC02065EC5B00D8BE4F /* icons8-cottage.png */ = {isa = PBXFileReference; lastKnownFileType = image.png; path = "icons8-cottage.png"; sourceTree = "<group>"; };
		FCC08EC72066A3E100D8BE4F /* controllers */ = {isa = PBXFileReference; lastKnownFileType = folder; path = controllers; sourceTree = "<group>"; };
/* End PBXFileReference section */

/* Begin PBXFrameworksBuildPhase section */
		FCC08E802065E5A700D8BE4F /* Frameworks */ = {
			isa = PBXFrameworksBuildPhase;
			buildActionMask = 2147483647;
			files = (
			);
			runOnlyForDeploymentPostprocessing = 0;
		};
		FCC08E972065E5A700D8BE4F /* Frameworks */ = {
			isa = PBXFrameworksBuildPhase;
			buildActionMask = 2147483647;
			files = (
			);
			runOnlyForDeploymentPostprocessing = 0;
		};
		FCC08EA22065E5A700D8BE4F /* Frameworks */ = {
			isa = PBXFrameworksBuildPhase;
			buildActionMask = 2147483647;
			files = (
			);
			runOnlyForDeploymentPostprocessing = 0;
		};
/* End PBXFrameworksBuildPhase section */

/* Begin PBXGroup section */
		FCC08E7A2065E5A700D8BE4F = {
			isa = PBXGroup;
			children = (
				FCC08E852065E5A700D8BE4F /* Cashactions */,
				FCC08E9D2065E5A700D8BE4F /* CashactionsTests */,
				FCC08EA82065E5A700D8BE4F /* CashactionsUITests */,
				FCC08E842065E5A700D8BE4F /* Products */,
			);
			sourceTree = "<group>";
		};
		FCC08E842065E5A700D8BE4F /* Products */ = {
			isa = PBXGroup;
			children = (
				FCC08E832065E5A700D8BE4F /* Cashactions.app */,
				FCC08E9A2065E5A700D8BE4F /* CashactionsTests.xctest */,
				FCC08EA52065E5A700D8BE4F /* CashactionsUITests.xctest */,
			);
			name = Products;
			sourceTree = "<group>";
		};
		FCC08E852065E5A700D8BE4F /* Cashactions */ = {
			isa = PBXGroup;
			children = (
				FCC08EC72066A3E100D8BE4F /* controllers */,
				FCC08EB72065EC1100D8BE4F /* images */,
				FCC08E862065E5A700D8BE4F /* AppDelegate.swift */,
				FCC08E8A2065E5A700D8BE4F /* Main.storyboard */,
				FCC08E902065E5A700D8BE4F /* Assets.xcassets */,
				FCC08E922065E5A700D8BE4F /* LaunchScreen.storyboard */,
				FCC08E952065E5A700D8BE4F /* Info.plist */,
				FCC08E8D2065E5A700D8BE4F /* Cashactions.xcdatamodeld */,
			);
			path = Cashactions;
			sourceTree = "<group>";
		};
		FCC08E9D2065E5A700D8BE4F /* CashactionsTests */ = {
			isa = PBXGroup;
			children = (
				FCC08E9E2065E5A700D8BE4F /* CashactionsTests.swift */,
				FCC08EA02065E5A700D8BE4F /* Info.plist */,
			);
			path = CashactionsTests;
			sourceTree = "<group>";
		};
		FCC08EA82065E5A700D8BE4F /* CashactionsUITests */ = {
			isa = PBXGroup;
			children = (
				FCC08EA92065E5A700D8BE4F /* CashactionsUITests.swift */,
				FCC08EAB2065E5A700D8BE4F /* Info.plist */,
			);
			path = CashactionsUITests;
			sourceTree = "<group>";
		};
		FCC08EB72065EC1100D8BE4F /* images */ = {
			isa = PBXGroup;
			children = (
				FCC08EBF2065EC5B00D8BE4F /* icons8-cash.png */,
				FCC08EC02065EC5B00D8BE4F /* icons8-cottage.png */,
				FCC08EBE2065EC5A00D8BE4F /* icons8-roofing.png */,
			);
			path = images;
			sourceTree = "<group>";
		};
/* End PBXGroup section */

/* Begin PBXNativeTarget section */
		FCC08E822065E5A700D8BE4F /* Cashactions */ = {
			isa = PBXNativeTarget;
			buildConfigurationList = FCC08EAE2065E5A700D8BE4F /* Build configuration list for PBXNativeTarget "Cashactions" */;
			buildPhases = (
				FCC08E7F2065E5A700D8BE4F /* Sources */,
				FCC08E802065E5A700D8BE4F /* Frameworks */,
				FCC08E812065E5A700D8BE4F /* Resources */,
			);
			buildRules = (
			);
			dependencies = (
			);
			name = Cashactions;
			productName = Cashactions;
			productReference = FCC08E832065E5A700D8BE4F /* Cashactions.app */;
			productType = "com.apple.product-type.application";
		};
		FCC08E992065E5A700D8BE4F /* CashactionsTests */ = {
			isa = PBXNativeTarget;
			buildConfigurationList = FCC08EB12065E5A700D8BE4F /* Build configuration list for PBXNativeTarget "CashactionsTests" */;
			buildPhases = (
				FCC08E962065E5A700D8BE4F /* Sources */,
				FCC08E972065E5A700D8BE4F /* Frameworks */,
				FCC08E982065E5A700D8BE4F /* Resources */,
			);
			buildRules = (
			);
			dependencies = (
				FCC08E9C2065E5A700D8BE4F /* PBXTargetDependency */,
			);
			name = CashactionsTests;
			productName = CashactionsTests;
			productReference = FCC08E9A2065E5A700D8BE4F /* CashactionsTests.xctest */;
			productType = "com.apple.product-type.bundle.unit-test";
		};
		FCC08EA42065E5A700D8BE4F /* CashactionsUITests */ = {
			isa = PBXNativeTarget;
			buildConfigurationList = FCC08EB42065E5A700D8BE4F /* Build configuration list for PBXNativeTarget "CashactionsUITests" */;
			buildPhases = (
				FCC08EA12065E5A700D8BE4F /* Sources */,
				FCC08EA22065E5A700D8BE4F /* Frameworks */,
				FCC08EA32065E5A700D8BE4F /* Resources */,
			);
			buildRules = (
			);
			dependencies = (
				FCC08EA72065E5A700D8BE4F /* PBXTargetDependency */,
			);
			name = CashactionsUITests;
			productName = CashactionsUITests;
			productReference = FCC08EA52065E5A700D8BE4F /* CashactionsUITests.xctest */;
			productType = "com.apple.product-type.bundle.ui-testing";
		};
/* End PBXNativeTarget section */

/* Begin PBXProject section */
		FCC08E7B2065E5A700D8BE4F /* Project object */ = {
			isa = PBXProject;
			attributes = {
				LastSwiftUpdateCheck = 0920;
				LastUpgradeCheck = 0920;
				ORGANIZATIONNAME = "Dylan Steck";
				TargetAttributes = {
					FCC08E822065E5A700D8BE4F = {
						CreatedOnToolsVersion = 9.2;
						ProvisioningStyle = Automatic;
					};
					FCC08E992065E5A700D8BE4F = {
						CreatedOnToolsVersion = 9.2;
						ProvisioningStyle = Automatic;
						TestTargetID = FCC08E822065E5A700D8BE4F;
					};
					FCC08EA42065E5A700D8BE4F = {
						CreatedOnToolsVersion = 9.2;
						ProvisioningStyle = Automatic;
						TestTargetID = FCC08E822065E5A700D8BE4F;
					};
				};
			};
			buildConfigurationList = FCC08E7E2065E5A700D8BE4F /* Build configuration list for PBXProject "Cashactions" */;
			compatibilityVersion = "Xcode 8.0";
			developmentRegion = en;
			hasScannedForEncodings = 0;
			knownRegions = (
				en,
				Base,
			);
			mainGroup = FCC08E7A2065E5A700D8BE4F;
			productRefGroup = FCC08E842065E5A700D8BE4F /* Products */;
			projectDirPath = "";
			projectRoot = "";
			targets = (
				FCC08E822065E5A700D8BE4F /* Cashactions */,
				FCC08E992065E5A700D8BE4F /* CashactionsTests */,
				FCC08EA42065E5A700D8BE4F /* CashactionsUITests */,
			);
		};
/* End PBXProject section */

/* Begin PBXResourcesBuildPhase section */
		FCC08E812065E5A700D8BE4F /* Resources */ = {
			isa = PBXResourcesBuildPhase;
			buildActionMask = 2147483647;
			files = (
				FCC08E942065E5A700D8BE4F /* LaunchScreen.storyboard in Resources */,
				FCC08EC32065EC5B00D8BE4F /* icons8-cottage.png in Resources */,
				FCC08E912065E5A700D8BE4F /* Assets.xcassets in Resources */,
				FCC08EC82066A3E100D8BE4F /* controllers in Resources */,
				FCC08EC22065EC5B00D8BE4F /* icons8-cash.png in Resources */,
				FCC08EC12065EC5B00D8BE4F /* icons8-roofing.png in Resources */,
				FCC08E8C2065E5A700D8BE4F /* Main.storyboard in Resources */,
			);
			runOnlyForDeploymentPostprocessing = 0;
		};
		FCC08E982065E5A700D8BE4F /* Resources */ = {
			isa = PBXResourcesBuildPhase;
			buildActionMask = 2147483647;
			files = (
			);
			runOnlyForDeploymentPostprocessing = 0;
		};
		FCC08EA32065E5A700D8BE4F /* Resources */ = {
			isa = PBXResourcesBuildPhase;
			buildActionMask = 2147483647;
			files = (
			);
			runOnlyForDeploymentPostprocessing = 0;
		};
/* End PBXResourcesBuildPhase section */

/* Begin PBXSourcesBuildPhase section */
		FCC08E7F2065E5A700D8BE4F /* Sources */ = {
			isa = PBXSourcesBuildPhase;
			buildActionMask = 2147483647;
			files = (
				FCC08E872065E5A700D8BE4F /* AppDelegate.swift in Sources */,
				FCC08E8F2065E5A700D8BE4F /* Cashactions.xcdatamodeld in Sources */,
			);
			runOnlyForDeploymentPostprocessing = 0;
		};
		FCC08E962065E5A700D8BE4F /* Sources */ = {
			isa = PBXSourcesBuildPhase;
			buildActionMask = 2147483647;
			files = (
				FCC08E9F2065E5A700D8BE4F /* CashactionsTests.swift in Sources */,
			);
			runOnlyForDeploymentPostprocessing = 0;
		};
		FCC08EA12065E5A700D8BE4F /* Sources */ = {
			isa = PBXSourcesBuildPhase;
			buildActionMask = 2147483647;
			files = (
				FCC08EAA2065E5A700D8BE4F /* CashactionsUITests.swift in Sources */,
			);
			runOnlyForDeploymentPostprocessing = 0;
		};
/* End PBXSourcesBuildPhase section */

/* Begin PBXTargetDependency section */
		FCC08E9C2065E5A700D8BE4F /* PBXTargetDependency */ = {
			isa = PBXTargetDependency;
			target = FCC08E822065E5A700D8BE4F /* Cashactions */;
			targetProxy = FCC08E9B2065E5A700D8BE4F /* PBXContainerItemProxy */;
		};
		FCC08EA72065E5A700D8BE4F /* PBXTargetDependency */ = {
			isa = PBXTargetDependency;
			target = FCC08E822065E5A700D8BE4F /* Cashactions */;
			targetProxy = FCC08EA62065E5A700D8BE4F /* PBXContainerItemProxy */;
		};
/* End PBXTargetDependency section */

/* Begin PBXVariantGroup section */
		FCC08E8A2065E5A700D8BE4F /* Main.storyboard */ = {
			isa = PBXVariantGroup;
			children = (
				FCC08E8B2065E5A700D8BE4F /* Base */,
			);
			name = Main.storyboard;
			sourceTree = "<group>";
		};
		FCC08E922065E5A700D8BE4F /* LaunchScreen.storyboard */ = {
			isa = PBXVariantGroup;
			children = (
				FCC08E932065E5A700D8BE4F /* Base */,
			);
			name = LaunchScreen.storyboard;
			sourceTree = "<group>";
		};
/* End PBXVariantGroup section */

/* Begin XCBuildConfiguration section */
		FCC08EAC2065E5A700D8BE4F /* Debug */ = {
			isa = XCBuildConfiguration;
			buildSettings = {
				ALWAYS_SEARCH_USER_PATHS = NO;
				CLANG_ANALYZER_NONNULL = YES;
				CLANG_ANALYZER_NUMBER_OBJECT_CONVERSION = YES_AGGRESSIVE;
				CLANG_CXX_LANGUAGE_STANDARD = "gnu++14";
				CLANG_CXX_LIBRARY = "libc++";
				CLANG_ENABLE_MODULES = YES;
				CLANG_ENABLE_OBJC_ARC = YES;
				CLANG_WARN_BLOCK_CAPTURE_AUTORELEASING = YES;
				CLANG_WARN_BOOL_CONVERSION = YES;
				CLANG_WARN_COMMA = YES;
				CLANG_WARN_CONSTANT_CONVERSION = YES;
				CLANG_WARN_DIRECT_OBJC_ISA_USAGE = YES_ERROR;
				CLANG_WARN_DOCUMENTATION_COMMENTS = YES;
				CLANG_WARN_EMPTY_BODY = YES;
				CLANG_WARN_ENUM_CONVERSION = YES;
				CLANG_WARN_INFINITE_RECURSION = YES;
				CLANG_WARN_INT_CONVERSION = YES;
				CLANG_WARN_NON_LITERAL_NULL_CONVERSION = YES;
				CLANG_WARN_OBJC_LITERAL_CONVERSION = YES;
				CLANG_WARN_OBJC_ROOT_CLASS = YES_ERROR;
				CLANG_WARN_RANGE_LOOP_ANALYSIS = YES;
				CLANG_WARN_STRICT_PROTOTYPES = YES;
				CLANG_WARN_SUSPICIOUS_MOVE = YES;
				CLANG_WARN_UNGUARDED_AVAILABILITY = YES_AGGRESSIVE;
				CLANG_WARN_UNREACHABLE_CODE = YES;
				CLANG_WARN__DUPLICATE_METHOD_MATCH = YES;
				CODE_SIGN_IDENTITY = "iPhone Developer";
				COPY_PHASE_STRIP = NO;
				DEBUG_INFORMATION_FORMAT = dwarf;
				ENABLE_STRICT_OBJC_MSGSEND = YES;
				ENABLE_TESTABILITY = YES;
				GCC_C_LANGUAGE_STANDARD = gnu11;
				GCC_DYNAMIC_NO_PIC = NO;
				GCC_NO_COMMON_BLOCKS = YES;
				GCC_OPTIMIZATION_LEVEL = 0;
				GCC_PREPROCESSOR_DEFINITIONS = (
					"DEBUG=1",
					"$(inherited)",
				);
				GCC_WARN_64_TO_32_BIT_CONVERSION = YES;
				GCC_WARN_ABOUT_RETURN_TYPE = YES_ERROR;
				GCC_WARN_UNDECLARED_SELECTOR = YES;
				GCC_WARN_UNINITIALIZED_AUTOS = YES_AGGRESSIVE;
				GCC_WARN_UNUSED_FUNCTION = YES;
				GCC_WARN_UNUSED_VARIABLE = YES;
				IPHONEOS_DEPLOYMENT_TARGET = 11.2;
				MTL_ENABLE_DEBUG_INFO = YES;
				ONLY_ACTIVE_ARCH = YES;
				SDKROOT = iphoneos;
				SWIFT_ACTIVE_COMPILATION_CONDITIONS = DEBUG;
				SWIFT_OPTIMIZATION_LEVEL = "-Onone";
			};
			name = Debug;
		};
		FCC08EAD2065E5A700D8BE4F /* Release */ = {
			isa = XCBuildConfiguration;
			buildSettings = {
				ALWAYS_SEARCH_USER_PATHS = NO;
				CLANG_ANALYZER_NONNULL = YES;
				CLANG_ANALYZER_NUMBER_OBJECT_CONVERSION = YES_AGGRESSIVE;
				CLANG_CXX_LANGUAGE_STANDARD = "gnu++14";
				CLANG_CXX_LIBRARY = "libc++";
				CLANG_ENABLE_MODULES = YES;
				CLANG_ENABLE_OBJC_ARC = YES;
				CLANG_WARN_BLOCK_CAPTURE_AUTORELEASING = YES;
				CLANG_WARN_BOOL_CONVERSION = YES;
				CLANG_WARN_COMMA = YES;
				CLANG_WARN_CONSTANT_CONVERSION = YES;
				CLANG_WARN_DIRECT_OBJC_ISA_USAGE = YES_ERROR;
				CLANG_WARN_DOCUMENTATION_COMMENTS = YES;
				CLANG_WARN_EMPTY_BODY = YES;
				CLANG_WARN_ENUM_CONVERSION = YES;
				CLANG_WARN_INFINITE_RECURSION = YES;
				CLANG_WARN_INT_CONVERSION = YES;
				CLANG_WARN_NON_LITERAL_NULL_CONVERSION = YES;
				CLANG_WARN_OBJC_LITERAL_CONVERSION = YES;
				CLANG_WARN_OBJC_ROOT_CLASS = YES_ERROR;
				CLANG_WARN_RANGE_LOOP_ANALYSIS = YES;
				CLANG_WARN_STRICT_PROTOTYPES = YES;
				CLANG_WARN_SUSPICIOUS_MOVE = YES;
				CLANG_WARN_UNGUARDED_AVAILABILITY = YES_AGGRESSIVE;
				CLANG_WARN_UNREACHABLE_CODE = YES;
				CLANG_WARN__DUPLICATE_METHOD_MATCH = YES;
				CODE_SIGN_IDENTITY = "iPhone Developer";
				COPY_PHASE_STRIP = NO;
				DEBUG_INFORMATION_FORMAT = "dwarf-with-dsym";
				ENABLE_NS_ASSERTIONS = NO;
				ENABLE_STRICT_OBJC_MSGSEND = YES;
				GCC_C_LANGUAGE_STANDARD = gnu11;
				GCC_NO_COMMON_BLOCKS = YES;
				GCC_WARN_64_TO_32_BIT_CONVERSION = YES;
				GCC_WARN_ABOUT_RETURN_TYPE = YES_ERROR;
				GCC_WARN_UNDECLARED_SELECTOR = YES;
				GCC_WARN_UNINITIALIZED_AUTOS = YES_AGGRESSIVE;
				GCC_WARN_UNUSED_FUNCTION = YES;
				GCC_WARN_UNUSED_VARIABLE = YES;
				IPHONEOS_DEPLOYMENT_TARGET = 11.2;
				MTL_ENABLE_DEBUG_INFO = NO;
				SDKROOT = iphoneos;
				SWIFT_OPTIMIZATION_LEVEL = "-Owholemodule";
				VALIDATE_PRODUCT = YES;
			};
			name = Release;
		};
		FCC08EAF2065E5A700D8BE4F /* Debug */ = {
			isa = XCBuildConfiguration;
			buildSettings = {
				ASSETCATALOG_COMPILER_APPICON_NAME = AppIcon;
				CODE_SIGN_STYLE = Automatic;
				DEVELOPMENT_TEAM = JTL74VZ4WQ;
				INFOPLIST_FILE = Cashactions/Info.plist;
				LD_RUNPATH_SEARCH_PATHS = "$(inherited) @executable_path/Frameworks";
				PRODUCT_BUNDLE_IDENTIFIER = DylanSteck.Cashactions;
				PRODUCT_NAME = "$(TARGET_NAME)";
				SWIFT_VERSION = 4.0;
				TARGETED_DEVICE_FAMILY = "1,2";
			};
			name = Debug;
		};
		FCC08EB02065E5A700D8BE4F /* Release */ = {
			isa = XCBuildConfiguration;
			buildSettings = {
				ASSETCATALOG_COMPILER_APPICON_NAME = AppIcon;
				CODE_SIGN_STYLE = Automatic;
				DEVELOPMENT_TEAM = JTL74VZ4WQ;
				INFOPLIST_FILE = Cashactions/Info.plist;
				LD_RUNPATH_SEARCH_PATHS = "$(inherited) @executable_path/Frameworks";
				PRODUCT_BUNDLE_IDENTIFIER = DylanSteck.Cashactions;
				PRODUCT_NAME = "$(TARGET_NAME)";
				SWIFT_VERSION = 4.0;
				TARGETED_DEVICE_FAMILY = "1,2";
			};
			name = Release;
		};
		FCC08EB22065E5A700D8BE4F /* Debug */ = {
			isa = XCBuildConfiguration;
			buildSettings = {
				ALWAYS_EMBED_SWIFT_STANDARD_LIBRARIES = YES;
				BUNDLE_LOADER = "$(TEST_HOST)";
				CODE_SIGN_STYLE = Automatic;
				DEVELOPMENT_TEAM = JTL74VZ4WQ;
				INFOPLIST_FILE = CashactionsTests/Info.plist;
				LD_RUNPATH_SEARCH_PATHS = "$(inherited) @executable_path/Frameworks @loader_path/Frameworks";
				PRODUCT_BUNDLE_IDENTIFIER = DylanSteck.CashactionsTests;
				PRODUCT_NAME = "$(TARGET_NAME)";
				SWIFT_VERSION = 4.0;
				TARGETED_DEVICE_FAMILY = "1,2";
				TEST_HOST = "$(BUILT_PRODUCTS_DIR)/Cashactions.app/Cashactions";
			};
			name = Debug;
		};
		FCC08EB32065E5A700D8BE4F /* Release */ = {
			isa = XCBuildConfiguration;
			buildSettings = {
				ALWAYS_EMBED_SWIFT_STANDARD_LIBRARIES = YES;
				BUNDLE_LOADER = "$(TEST_HOST)";
				CODE_SIGN_STYLE = Automatic;
				DEVELOPMENT_TEAM = JTL74VZ4WQ;
				INFOPLIST_FILE = CashactionsTests/Info.plist;
				LD_RUNPATH_SEARCH_PATHS = "$(inherited) @executable_path/Frameworks @loader_path/Frameworks";
				PRODUCT_BUNDLE_IDENTIFIER = DylanSteck.CashactionsTests;
				PRODUCT_NAME = "$(TARGET_NAME)";
				SWIFT_VERSION = 4.0;
				TARGETED_DEVICE_FAMILY = "1,2";
				TEST_HOST = "$(BUILT_PRODUCTS_DIR)/Cashactions.app/Cashactions";
			};
			name = Release;
		};
		FCC08EB52065E5A700D8BE4F /* Debug */ = {
			isa = XCBuildConfiguration;
			buildSettings = {
				ALWAYS_EMBED_SWIFT_STANDARD_LIBRARIES = YES;
				CODE_SIGN_STYLE = Automatic;
				DEVELOPMENT_TEAM = JTL74VZ4WQ;
				INFOPLIST_FILE = CashactionsUITests/Info.plist;
				LD_RUNPATH_SEARCH_PATHS = "$(inherited) @executable_path/Frameworks @loader_path/Frameworks";
				PRODUCT_BUNDLE_IDENTIFIER = DylanSteck.CashactionsUITests;
				PRODUCT_NAME = "$(TARGET_NAME)";
				SWIFT_VERSION = 4.0;
				TARGETED_DEVICE_FAMILY = "1,2";
				TEST_TARGET_NAME = Cashactions;
			};
			name = Debug;
		};
		FCC08EB62065E5A700D8BE4F /* Release */ = {
			isa = XCBuildConfiguration;
			buildSettings = {
				ALWAYS_EMBED_SWIFT_STANDARD_LIBRARIES = YES;
				CODE_SIGN_STYLE = Automatic;
				DEVELOPMENT_TEAM = JTL74VZ4WQ;
				INFOPLIST_FILE = CashactionsUITests/Info.plist;
				LD_RUNPATH_SEARCH_PATHS = "$(inherited) @executable_path/Frameworks @loader_path/Frameworks";
				PRODUCT_BUNDLE_IDENTIFIER = DylanSteck.CashactionsUITests;
				PRODUCT_NAME = "$(TARGET_NAME)";
				SWIFT_VERSION = 4.0;
				TARGETED_DEVICE_FAMILY = "1,2";
				TEST_TARGET_NAME = Cashactions;
			};
			name = Release;
		};
/* End XCBuildConfiguration section */

/* Begin XCConfigurationList section */
		FCC08E7E2065E5A700D8BE4F /* Build configuration list for PBXProject "Cashactions" */ = {
			isa = XCConfigurationList;
			buildConfigurations = (
				FCC08EAC2065E5A700D8BE4F /* Debug */,
				FCC08EAD2065E5A700D8BE4F /* Release */,
			);
			defaultConfigurationIsVisible = 0;
			defaultConfigurationName = Release;
		};
		FCC08EAE2065E5A700D8BE4F /* Build configuration list for PBXNativeTarget "Cashactions" */ = {
			isa = XCConfigurationList;
			buildConfigurations = (
				FCC08EAF2065E5A700D8BE4F /* Debug */,
				FCC08EB02065E5A700D8BE4F /* Release */,
			);
			defaultConfigurationIsVisible = 0;
			defaultConfigurationName = Release;
		};
		FCC08EB12065E5A700D8BE4F /* Build configuration list for PBXNativeTarget "CashactionsTests" */ = {
			isa = XCConfigurationList;
			buildConfigurations = (
				FCC08EB22065E5A700D8BE4F /* Debug */,
				FCC08EB32065E5A700D8BE4F /* Release */,
			);
			defaultConfigurationIsVisible = 0;
			defaultConfigurationName = Release;
		};
		FCC08EB42065E5A700D8BE4F /* Build configuration list for PBXNativeTarget "CashactionsUITests" */ = {
			isa = XCConfigurationList;
			buildConfigurations = (
				FCC08EB52065E5A700D8BE4F /* Debug */,
				FCC08EB62065E5A700D8BE4F /* Release */,
			);
			defaultConfigurationIsVisible = 0;
			defaultConfigurationName = Release;
		};
/* End XCConfigurationList section */

/* Begin XCVersionGroup section */
		FCC08E8D2065E5A700D8BE4F /* Cashactions.xcdatamodeld */ = {
			isa = XCVersionGroup;
			children = (
				FCC08E8E2065E5A700D8BE4F /* Cashactions.xcdatamodel */,
			);
			currentVersion = FCC08E8E2065E5A700D8BE4F /* Cashactions.xcdatamodel */;
			path = Cashactions.xcdatamodeld;
			sourceTree = "<group>";
			versionGroupType = wrapper.xcdatamodel;
		};
/* End XCVersionGroup section */
	};
	rootObject = FCC08E7B2065E5A700D8BE4F /* Project object */;
}
